
Microsoft Visual Studio Solution File, Format Version 12.00
# Visual Studio Version 17
VisualStudioVersion = 17.7.34024.191
MinimumVisualStudioVersion = 10.0.40219.1
Project("{FAE04EC0-301F-11D3-BF4B-00C04F79EFBC}") = "Project01", "Project01\Project01.csproj", "{316711A2-1EC5-4AB0-BDCB-01BFB3F2A9A2}"
EndProject
Global
	GlobalSection(SolutionConfigurationPlatforms) = preSolution
		Debug|Any CPU = Debug|Any CPU
		Release|Any CPU = Release|Any CPU
	EndGlobalSection
	GlobalSection(ProjectConfigurationPlatforms) = postSolution
		{316711A2-1EC5-4AB0-BDCB-01BFB3F2A9A2}.Debug|Any CPU.ActiveCfg = Debug|Any CPU
		{316711A2-1EC5-4AB0-BDCB-01BFB3F2A9A2}.Debug|Any CPU.Build.0 = Debug|Any CPU
		{316711A2-1EC5-4AB0-BDCB-01BFB3F2A9A2}.Release|Any CPU.ActiveCfg = Release|Any CPU
		{316711A2-1EC5-4AB0-BDCB-01BFB3F2A9A2}.Release|Any CPU.Build.0 = Release|Any CPU
	EndGlobalSection
	GlobalSection(SolutionProperties) = preSolution
		HideSolutionNode = FALSE
	EndGlobalSection
	GlobalSection(ExtensibilityGlobals) = postSolution
		SolutionGuid = {265345AF-2C17-4633-9A73-E59FB1323E7E}
	EndGlobalSection
EndGlobal
